
Microsoft Visual Studio Solution File, Format Version 12.00
# Visual Studio 15
VisualStudioVersion = 15.0.27428.2037
MinimumVisualStudioVersion = 10.0.40219.1
Project("{9A19103F-16F7-4668-BE54-9A1E7A4F7556}") = "jpegHTTPTrigger", "jpegHTTPTrigger\jpegHTTPTrigger.csproj", "{BD9DDC3E-A70E-45F4-809F-84A444623B50}"
EndProject
Global
	GlobalSection(SolutionConfigurationPlatforms) = preSolution
		Debug|Any CPU = Debug|Any CPU
		Release|Any CPU = Release|Any CPU
	EndGlobalSection
	GlobalSection(ProjectConfigurationPlatforms) = postSolution
		{BD9DDC3E-A70E-45F4-809F-84A444623B50}.Debug|Any CPU.ActiveCfg = Debug|Any CPU
		{BD9DDC3E-A70E-45F4-809F-84A444623B50}.Debug|Any CPU.Build.0 = Debug|Any CPU
		{BD9DDC3E-A70E-45F4-809F-84A444623B50}.Release|Any CPU.ActiveCfg = Release|Any CPU
		{BD9DDC3E-A70E-45F4-809F-84A444623B50}.Release|Any CPU.Build.0 = Release|Any CPU
	EndGlobalSection
	GlobalSection(SolutionProperties) = preSolution
		HideSolutionNode = FALSE
	EndGlobalSection
	GlobalSection(ExtensibilityGlobals) = postSolution
		SolutionGuid = {C4BF0E99-C923-49FC-93CE-5E6E60213292}
	EndGlobalSection
EndGlobal
